{
  "name": "clothing-menu",
  "version": "1.0.0",
  "lockfileVersion": 3,
  "requires": true,
  "packages": {
    "": {
      "name": "clothing-menu",
      "version": "1.0.0",
      "license": "ISC",
      "dependencies": {
        "@altv/types-client": "^2.7.6",
        "@altv/types-natives": "^1.5.4",
        "@altv/types-shared": "^1.5.2",
        "@altv/types-webview": "^1.0.5"
      }
    },
    "node_modules/@altv/types-client": {
      "version": "2.7.6",
      "resolved": "https://registry.npmjs.org/@altv/types-client/-/types-client-2.7.6.tgz",
      "integrity": "sha512-YV9Lx4Ln6Od4MoFOc3MCsHkzBg3zXy249eN7QvhOtvHvjdEyh3px6pvMVhwG1JX0QR+eAgUHo/D3Qh+NnsxvnA==",
      "peerDependencies": {
        "@altv/types-shared": ">=1.4",
        "@altv/types-worker": ">=1.0"
      }
    },
    "node_modules/@altv/types-natives": {
      "version": "1.5.4",
      "resolved": "https://registry.npmjs.org/@altv/types-natives/-/types-natives-1.5.4.tgz",
      "integrity": "sha512-N4jtJ4f8KFOCi0sxlVvTWF7I7Nz/ylq136sIJMpsHIcBWIlysWF6zdJFdBW5bkquDGWgY8aBYPQ4TU+ayQhukw==",
      "peerDependencies": {
        "@altv/types-client": ">=2.5"
      }
    },
    "node_modules/@altv/types-shared": {
      "version": "1.5.2",
      "resolved": "https://registry.npmjs.org/@altv/types-shared/-/types-shared-1.5.2.tgz",
      "integrity": "sha512-MpQyR9b/8r2xq16/XlPn5B4xHP3LJfZ1xt94uohhPIaiECNabasbk7ia7NtPDsr7oRn10q9gucYuHUb4vSvO1g=="
    },
    "node_modules/@altv/types-webview": {
      "version": "1.0.5",
      "resolved": "https://registry.npmjs.org/@altv/types-webview/-/types-webview-1.0.5.tgz",
      "integrity": "sha512-g1bYnkLLxhJr6CBq0qFZoJtzs+20nEmHBMftlAGAgEJsyKR5HWf0NUi2mmUS50IpVEsULqgK+hx4uRZpXLmS7A=="
    },
    "node_modules/@altv/types-worker": {
      "version": "1.0.7",
      "resolved": "https://registry.npmjs.org/@altv/types-worker/-/types-worker-1.0.7.tgz",
      "integrity": "sha512-mImzn79l5w1/T16sZU0F7pI/hehY84tUe0PNu5Q/1S0B2OsINntAFU/RxLIe5XhSepVg0zlF2ZaISZfLcdQlLA==",
      "peer": true,
      "peerDependencies": {
        "@altv/types-client": "latest"
      }
    }
  }
}
